
Microsoft Visual Studio Solution File, Format Version 12.00
# Visual Studio Version 17
VisualStudioVersion = 17.11.35312.102
MinimumVisualStudioVersion = 10.0.40219.1
Project("{FAE04EC0-301F-11D3-BF4B-00C04F79EFBC}") = "LogErrors", "LogErrors.csproj", "{61C97EF5-0E5D-47FB-B004-BF1E7CA01E6C}"
EndProject
Global
	GlobalSection(SolutionConfigurationPlatforms) = preSolution
		Debug|Any CPU = Debug|Any CPU
		Release|Any CPU = Release|Any CPU
	EndGlobalSection
	GlobalSection(ProjectConfigurationPlatforms) = postSolution
		{61C97EF5-0E5D-47FB-B004-BF1E7CA01E6C}.Debug|Any CPU.ActiveCfg = Debug|Any CPU
		{61C97EF5-0E5D-47FB-B004-BF1E7CA01E6C}.Debug|Any CPU.Build.0 = Debug|Any CPU
		{61C97EF5-0E5D-47FB-B004-BF1E7CA01E6C}.Release|Any CPU.ActiveCfg = Release|Any CPU
		{61C97EF5-0E5D-47FB-B004-BF1E7CA01E6C}.Release|Any CPU.Build.0 = Release|Any CPU
	EndGlobalSection
	GlobalSection(SolutionProperties) = preSolution
		HideSolutionNode = FALSE
	EndGlobalSection
	GlobalSection(ExtensibilityGlobals) = postSolution
		SolutionGuid = {ADAAE935-8AA3-429E-BD68-F6DD6C4ECEF6}
	EndGlobalSection
EndGlobal
